// !$*UTF8*$!
{
	archiveVersion = 1;
	classes = {
	};
	objectVersion = 51;
	objects = {

/* Begin PBXBuildFile section */
		2150AE4C24E82DE00059B7C1 /* woopSicredi_jobsTests.swift in Sources */ = {isa = PBXBuildFile; fileRef = 2150AE4B24E82DE00059B7C1 /* woopSicredi_jobsTests.swift */; };
		2150AE5424E8339F0059B7C1 /* RequestTest.swift in Sources */ = {isa = PBXBuildFile; fileRef = 2150AE5324E8339F0059B7C1 /* RequestTest.swift */; };
		2150AE6024E850BA0059B7C1 /* woopSicredi_jobsUITests.swift in Sources */ = {isa = PBXBuildFile; fileRef = 2150AE5F24E850BA0059B7C1 /* woopSicredi_jobsUITests.swift */; };
		2150AE6924E867630059B7C1 /* CheckinTest.swift in Sources */ = {isa = PBXBuildFile; fileRef = 2150AE6824E867630059B7C1 /* CheckinTest.swift */; };
		21C618FE24E5AAC200E11C8C /* AppDelegate.swift in Sources */ = {isa = PBXBuildFile; fileRef = 21C618FD24E5AAC200E11C8C /* AppDelegate.swift */; };
		21C6190024E5AAC200E11C8C /* SceneDelegate.swift in Sources */ = {isa = PBXBuildFile; fileRef = 21C618FF24E5AAC200E11C8C /* SceneDelegate.swift */; };
		21C6190224E5AAC200E11C8C /* ViewController.swift in Sources */ = {isa = PBXBuildFile; fileRef = 21C6190124E5AAC200E11C8C /* ViewController.swift */; };
		21C6190724E5AAC400E11C8C /* Assets.xcassets in Resources */ = {isa = PBXBuildFile; fileRef = 21C6190624E5AAC400E11C8C /* Assets.xcassets */; };
		21C6190A24E5AAC400E11C8C /* LaunchScreen.storyboard in Resources */ = {isa = PBXBuildFile; fileRef = 21C6190824E5AAC400E11C8C /* LaunchScreen.storyboard */; };
		21C6191C24E5AD4A00E11C8C /* EventsListView.swift in Sources */ = {isa = PBXBuildFile; fileRef = 21C6191B24E5AD4A00E11C8C /* EventsListView.swift */; };
		21D6250C24E7116D009D2CD0 /* EventsDetailsViewModel.swift in Sources */ = {isa = PBXBuildFile; fileRef = 21D6250B24E7116D009D2CD0 /* EventsDetailsViewModel.swift */; };
		21E2520424E5B0DC0003CF8A /* EventsListVC.swift in Sources */ = {isa = PBXBuildFile; fileRef = 21E2520324E5B0DC0003CF8A /* EventsListVC.swift */; };
		21E2520624E5B4200003CF8A /* EventsListViewModel.swift in Sources */ = {isa = PBXBuildFile; fileRef = 21E2520524E5B4200003CF8A /* EventsListViewModel.swift */; };
		21E2520824E5C46C0003CF8A /* EventsListModel.swift in Sources */ = {isa = PBXBuildFile; fileRef = 21E2520724E5C46C0003CF8A /* EventsListModel.swift */; };
		21E2520A24E5C7580003CF8A /* Enum.swift in Sources */ = {isa = PBXBuildFile; fileRef = 21E2520924E5C7580003CF8A /* Enum.swift */; };
		21E2521024E5D5F40003CF8A /* EventsListCell.swift in Sources */ = {isa = PBXBuildFile; fileRef = 21E2520F24E5D5F40003CF8A /* EventsListCell.swift */; };
		21E2521224E5D6070003CF8A /* EventsListTBDelegate.swift in Sources */ = {isa = PBXBuildFile; fileRef = 21E2521124E5D6070003CF8A /* EventsListTBDelegate.swift */; };
		21E2521624E5DB2E0003CF8A /* Extension.swift in Sources */ = {isa = PBXBuildFile; fileRef = 21E2521524E5DB2E0003CF8A /* Extension.swift */; };
		21E2521A24E5DC070003CF8A /* Localizable.strings in Resources */ = {isa = PBXBuildFile; fileRef = 21E2521C24E5DC070003CF8A /* Localizable.strings */; };
		21E2522024E600090003CF8A /* EventsDetailsView.swift in Sources */ = {isa = PBXBuildFile; fileRef = 21E2521F24E600090003CF8A /* EventsDetailsView.swift */; };
		21E2522324E6012B0003CF8A /* EventsDetailsVC.swift in Sources */ = {isa = PBXBuildFile; fileRef = 21E2522224E6012B0003CF8A /* EventsDetailsVC.swift */; };
		A73543D4B95EDB54FC403938 /* Pods_woopSicredi_jobs.framework in Frameworks */ = {isa = PBXBuildFile; fileRef = FCF9D0CD9B592AF44E1B3EF6 /* Pods_woopSicredi_jobs.framework */; };
/* End PBXBuildFile section */

/* Begin PBXContainerItemProxy section */
		2150AE4E24E82DE00059B7C1 /* PBXContainerItemProxy */ = {
			isa = PBXContainerItemProxy;
			containerPortal = 21C618F224E5AAC200E11C8C /* Project object */;
			proxyType = 1;
			remoteGlobalIDString = 21C618F924E5AAC200E11C8C;
			remoteInfo = "woopSicredi-jobs";
		};
		2150AE6224E850BA0059B7C1 /* PBXContainerItemProxy */ = {
			isa = PBXContainerItemProxy;
			containerPortal = 21C618F224E5AAC200E11C8C /* Project object */;
			proxyType = 1;
			remoteGlobalIDString = 21C618F924E5AAC200E11C8C;
			remoteInfo = "woopSicredi-jobs";
		};
/* End PBXContainerItemProxy section */

/* Begin PBXFileReference section */
		2150AE4924E82DE00059B7C1 /* woopSicredi-jobsTests.xctest */ = {isa = PBXFileReference; explicitFileType = wrapper.cfbundle; includeInIndex = 0; path = "woopSicredi-jobsTests.xctest"; sourceTree = BUILT_PRODUCTS_DIR; };
		2150AE4B24E82DE00059B7C1 /* woopSicredi_jobsTests.swift */ = {isa = PBXFileReference; lastKnownFileType = sourcecode.swift; path = woopSicredi_jobsTests.swift; sourceTree = "<group>"; };
		2150AE4D24E82DE00059B7C1 /* Info.plist */ = {isa = PBXFileReference; lastKnownFileType = text.plist.xml; path = Info.plist; sourceTree = "<group>"; };
		2150AE5324E8339F0059B7C1 /* RequestTest.swift */ = {isa = PBXFileReference; lastKnownFileType = sourcecode.swift; path = RequestTest.swift; sourceTree = "<group>"; };
		2150AE5D24E850BA0059B7C1 /* woopSicredi-jobsUITests.xctest */ = {isa = PBXFileReference; explicitFileType = wrapper.cfbundle; includeInIndex = 0; path = "woopSicredi-jobsUITests.xctest"; sourceTree = BUILT_PRODUCTS_DIR; };
		2150AE5F24E850BA0059B7C1 /* woopSicredi_jobsUITests.swift */ = {isa = PBXFileReference; lastKnownFileType = sourcecode.swift; path = woopSicredi_jobsUITests.swift; sourceTree = "<group>"; };
		2150AE6124E850BA0059B7C1 /* Info.plist */ = {isa = PBXFileReference; lastKnownFileType = text.plist.xml; path = Info.plist; sourceTree = "<group>"; };
		2150AE6824E867630059B7C1 /* CheckinTest.swift */ = {isa = PBXFileReference; lastKnownFileType = sourcecode.swift; path = CheckinTest.swift; sourceTree = "<group>"; };
		21C618FA24E5AAC200E11C8C /* woopSicredi-jobs.app */ = {isa = PBXFileReference; explicitFileType = wrapper.application; includeInIndex = 0; path = "woopSicredi-jobs.app"; sourceTree = BUILT_PRODUCTS_DIR; };
		21C618FD24E5AAC200E11C8C /* AppDelegate.swift */ = {isa = PBXFileReference; lastKnownFileType = sourcecode.swift; path = AppDelegate.swift; sourceTree = "<group>"; };
		21C618FF24E5AAC200E11C8C /* SceneDelegate.swift */ = {isa = PBXFileReference; lastKnownFileType = sourcecode.swift; path = SceneDelegate.swift; sourceTree = "<group>"; };
		21C6190124E5AAC200E11C8C /* ViewController.swift */ = {isa = PBXFileReference; lastKnownFileType = sourcecode.swift; path = ViewController.swift; sourceTree = "<group>"; };
		21C6190624E5AAC400E11C8C /* Assets.xcassets */ = {isa = PBXFileReference; lastKnownFileType = folder.assetcatalog; path = Assets.xcassets; sourceTree = "<group>"; };
		21C6190924E5AAC400E11C8C /* Base */ = {isa = PBXFileReference; lastKnownFileType = file.storyboard; name = Base; path = Base.lproj/LaunchScreen.storyboard; sourceTree = "<group>"; };
		21C6190B24E5AAC400E11C8C /* Info.plist */ = {isa = PBXFileReference; lastKnownFileType = text.plist.xml; path = Info.plist; sourceTree = "<group>"; };
		21C6191B24E5AD4A00E11C8C /* EventsListView.swift */ = {isa = PBXFileReference; lastKnownFileType = sourcecode.swift; path = EventsListView.swift; sourceTree = "<group>"; };
		21D6250B24E7116D009D2CD0 /* EventsDetailsViewModel.swift */ = {isa = PBXFileReference; lastKnownFileType = sourcecode.swift; path = EventsDetailsViewModel.swift; sourceTree = "<group>"; };
		21E2520324E5B0DC0003CF8A /* EventsListVC.swift */ = {isa = PBXFileReference; lastKnownFileType = sourcecode.swift; path = EventsListVC.swift; sourceTree = "<group>"; };
		21E2520524E5B4200003CF8A /* EventsListViewModel.swift */ = {isa = PBXFileReference; lastKnownFileType = sourcecode.swift; path = EventsListViewModel.swift; sourceTree = "<group>"; };
		21E2520724E5C46C0003CF8A /* EventsListModel.swift */ = {isa = PBXFileReference; lastKnownFileType = sourcecode.swift; path = EventsListModel.swift; sourceTree = "<group>"; };
		21E2520924E5C7580003CF8A /* Enum.swift */ = {isa = PBXFileReference; lastKnownFileType = sourcecode.swift; path = Enum.swift; sourceTree = "<group>"; };
		21E2520F24E5D5F40003CF8A /* EventsListCell.swift */ = {isa = PBXFileReference; lastKnownFileType = sourcecode.swift; path = EventsListCell.swift; sourceTree = "<group>"; };
		21E2521124E5D6070003CF8A /* EventsListTBDelegate.swift */ = {isa = PBXFileReference; lastKnownFileType = sourcecode.swift; path = EventsListTBDelegate.swift; sourceTree = "<group>"; };
		21E2521524E5DB2E0003CF8A /* Extension.swift */ = {isa = PBXFileReference; lastKnownFileType = sourcecode.swift; path = Extension.swift; sourceTree = "<group>"; };
		21E2521724E5DB860003CF8A /* pt-BR */ = {isa = PBXFileReference; lastKnownFileType = text.plist.strings; name = "pt-BR"; path = "pt-BR.lproj/LaunchScreen.strings"; sourceTree = "<group>"; };
		21E2521B24E5DC070003CF8A /* en */ = {isa = PBXFileReference; lastKnownFileType = text.plist.strings; name = en; path = en.lproj/Localizable.strings; sourceTree = "<group>"; };
		21E2521D24E5DC0B0003CF8A /* pt-BR */ = {isa = PBXFileReference; lastKnownFileType = text.plist.strings; name = "pt-BR"; path = "pt-BR.lproj/Localizable.strings"; sourceTree = "<group>"; };
		21E2521F24E600090003CF8A /* EventsDetailsView.swift */ = {isa = PBXFileReference; lastKnownFileType = sourcecode.swift; path = EventsDetailsView.swift; sourceTree = "<group>"; };
		21E2522224E6012B0003CF8A /* EventsDetailsVC.swift */ = {isa = PBXFileReference; lastKnownFileType = sourcecode.swift; path = EventsDetailsVC.swift; sourceTree = "<group>"; };
		C8D1C22D58A734818A235D07 /* Pods-woopSicredi-jobs.debug.xcconfig */ = {isa = PBXFileReference; includeInIndex = 1; lastKnownFileType = text.xcconfig; name = "Pods-woopSicredi-jobs.debug.xcconfig"; path = "Target Support Files/Pods-woopSicredi-jobs/Pods-woopSicredi-jobs.debug.xcconfig"; sourceTree = "<group>"; };
		F753CFC48B4696A7ECC92F15 /* Pods-woopSicredi-jobs.release.xcconfig */ = {isa = PBXFileReference; includeInIndex = 1; lastKnownFileType = text.xcconfig; name = "Pods-woopSicredi-jobs.release.xcconfig"; path = "Target Support Files/Pods-woopSicredi-jobs/Pods-woopSicredi-jobs.release.xcconfig"; sourceTree = "<group>"; };
		FCF9D0CD9B592AF44E1B3EF6 /* Pods_woopSicredi_jobs.framework */ = {isa = PBXFileReference; explicitFileType = wrapper.framework; includeInIndex = 0; path = Pods_woopSicredi_jobs.framework; sourceTree = BUILT_PRODUCTS_DIR; };
/* End PBXFileReference section */

/* Begin PBXFrameworksBuildPhase section */
		2150AE4624E82DE00059B7C1 /* Frameworks */ = {
			isa = PBXFrameworksBuildPhase;
			buildActionMask = 2147483647;
			files = (
			);
			runOnlyForDeploymentPostprocessing = 0;
		};
		2150AE5A24E850BA0059B7C1 /* Frameworks */ = {
			isa = PBXFrameworksBuildPhase;
			buildActionMask = 2147483647;
			files = (
			);
			runOnlyForDeploymentPostprocessing = 0;
		};
		21C618F724E5AAC200E11C8C /* Frameworks */ = {
			isa = PBXFrameworksBuildPhase;
			buildActionMask = 2147483647;
			files = (
				A73543D4B95EDB54FC403938 /* Pods_woopSicredi_jobs.framework in Frameworks */,
			);
			runOnlyForDeploymentPostprocessing = 0;
		};
/* End PBXFrameworksBuildPhase section */

/* Begin PBXGroup section */
		16967205B78F3756BD81BDE4 /* Frameworks */ = {
			isa = PBXGroup;
			children = (
				FCF9D0CD9B592AF44E1B3EF6 /* Pods_woopSicredi_jobs.framework */,
			);
			name = Frameworks;
			sourceTree = "<group>";
		};
		2150AE4A24E82DE00059B7C1 /* woopSicredi-jobsTests */ = {
			isa = PBXGroup;
			children = (
				2150AE4B24E82DE00059B7C1 /* woopSicredi_jobsTests.swift */,
				2150AE5524E84F990059B7C1 /* UnitTest */,
				2150AE4D24E82DE00059B7C1 /* Info.plist */,
			);
			path = "woopSicredi-jobsTests";
			sourceTree = "<group>";
		};
		2150AE5524E84F990059B7C1 /* UnitTest */ = {
			isa = PBXGroup;
			children = (
				2150AE5324E8339F0059B7C1 /* RequestTest.swift */,
			);
			path = UnitTest;
			sourceTree = "<group>";
		};
		2150AE5E24E850BA0059B7C1 /* woopSicredi-jobsUITests */ = {
			isa = PBXGroup;
			children = (
				2150AE5F24E850BA0059B7C1 /* woopSicredi_jobsUITests.swift */,
				2150AE6724E8674F0059B7C1 /* UITest */,
				2150AE6124E850BA0059B7C1 /* Info.plist */,
			);
			path = "woopSicredi-jobsUITests";
			sourceTree = "<group>";
		};
		2150AE6724E8674F0059B7C1 /* UITest */ = {
			isa = PBXGroup;
			children = (
				2150AE6824E867630059B7C1 /* CheckinTest.swift */,
			);
			path = UITest;
			sourceTree = "<group>";
		};
		21C618F124E5AAC200E11C8C = {
			isa = PBXGroup;
			children = (
				21C618FC24E5AAC200E11C8C /* woopSicredi-jobs */,
				2150AE4A24E82DE00059B7C1 /* woopSicredi-jobsTests */,
				2150AE5E24E850BA0059B7C1 /* woopSicredi-jobsUITests */,
				21C618FB24E5AAC200E11C8C /* Products */,
				442BC6344049AA9B055E2DEA /* Pods */,
				16967205B78F3756BD81BDE4 /* Frameworks */,
			);
			sourceTree = "<group>";
		};
		21C618FB24E5AAC200E11C8C /* Products */ = {
			isa = PBXGroup;
			children = (
				21C618FA24E5AAC200E11C8C /* woopSicredi-jobs.app */,
				2150AE4924E82DE00059B7C1 /* woopSicredi-jobsTests.xctest */,
				2150AE5D24E850BA0059B7C1 /* woopSicredi-jobsUITests.xctest */,
			);
			name = Products;
			sourceTree = "<group>";
		};
		21C618FC24E5AAC200E11C8C /* woopSicredi-jobs */ = {
			isa = PBXGroup;
			children = (
				21C6191124E5AB6500E11C8C /* Features */,
				21C6191424E5ABC400E11C8C /* Settings */,
				21C6190124E5AAC200E11C8C /* ViewController.swift */,
				21C6190B24E5AAC400E11C8C /* Info.plist */,
			);
			path = "woopSicredi-jobs";
			sourceTree = "<group>";
		};
		21C6191124E5AB6500E11C8C /* Features */ = {
			isa = PBXGroup;
			children = (
				21C6191224E5ABA200E11C8C /* EventsList */,
				21C6191324E5ABB600E11C8C /* EventsDetails */,
			);
			path = Features;
			sourceTree = "<group>";
		};
		21C6191224E5ABA200E11C8C /* EventsList */ = {
			isa = PBXGroup;
			children = (
				21C6191724E5AC9500E11C8C /* Model */,
				21C6191824E5AC9B00E11C8C /* View */,
			);
			path = EventsList;
			sourceTree = "<group>";
		};
		21C6191324E5ABB600E11C8C /* EventsDetails */ = {
			isa = PBXGroup;
			children = (
				21E2521E24E5FFD80003CF8A /* View */,
			);
			path = EventsDetails;
			sourceTree = "<group>";
		};
		21C6191424E5ABC400E11C8C /* Settings */ = {
			isa = PBXGroup;
			children = (
				21E2520B24E5C7670003CF8A /* Configs */,
				21C6191624E5ABF900E11C8C /* View */,
				21C6191524E5ABD800E11C8C /* Delegates */,
			);
			path = Settings;
			sourceTree = "<group>";
		};
		21C6191524E5ABD800E11C8C /* Delegates */ = {
			isa = PBXGroup;
			children = (
				21C618FD24E5AAC200E11C8C /* AppDelegate.swift */,
				21C618FF24E5AAC200E11C8C /* SceneDelegate.swift */,
			);
			path = Delegates;
			sourceTree = "<group>";
		};
		21C6191624E5ABF900E11C8C /* View */ = {
			isa = PBXGroup;
			children = (
				21E2521324E5DB1D0003CF8A /* Locale */,
				21C6190824E5AAC400E11C8C /* LaunchScreen.storyboard */,
				21C6190624E5AAC400E11C8C /* Assets.xcassets */,
			);
			path = View;
			sourceTree = "<group>";
		};
		21C6191724E5AC9500E11C8C /* Model */ = {
			isa = PBXGroup;
			children = (
				21E2520724E5C46C0003CF8A /* EventsListModel.swift */,
			);
			path = Model;
			sourceTree = "<group>";
		};
		21C6191824E5AC9B00E11C8C /* View */ = {
			isa = PBXGroup;
			children = (
				21C6191B24E5AD4A00E11C8C /* EventsListView.swift */,
				21E2520C24E5D5D30003CF8A /* TableView */,
				21C6191A24E5AD2100E11C8C /* Controller */,
				21C6191924E5ACCA00E11C8C /* ViewModel */,
			);
			path = View;
			sourceTree = "<group>";
		};
		21C6191924E5ACCA00E11C8C /* ViewModel */ = {
			isa = PBXGroup;
			children = (
				21E2520524E5B4200003CF8A /* EventsListViewModel.swift */,
			);
			path = ViewModel;
			sourceTree = "<group>";
		};
		21C6191A24E5AD2100E11C8C /* Controller */ = {
			isa = PBXGroup;
			children = (
				21E2520324E5B0DC0003CF8A /* EventsListVC.swift */,
			);
			path = Controller;
			sourceTree = "<group>";
		};
		21D6250A24E71157009D2CD0 /* ViewModel */ = {
			isa = PBXGroup;
			children = (
				21D6250B24E7116D009D2CD0 /* EventsDetailsViewModel.swift */,
			);
			path = ViewModel;
			sourceTree = "<group>";
		};
		21E2520B24E5C7670003CF8A /* Configs */ = {
			isa = PBXGroup;
			children = (
				21E2520924E5C7580003CF8A /* Enum.swift */,
				21E2521524E5DB2E0003CF8A /* Extension.swift */,
			);
			path = Configs;
			sourceTree = "<group>";
		};
		21E2520C24E5D5D30003CF8A /* TableView */ = {
			isa = PBXGroup;
			children = (
				21E2520E24E5D5DF0003CF8A /* Cells */,
				21E2520D24E5D5DA0003CF8A /* Delegate */,
			);
			path = TableView;
			sourceTree = "<group>";
		};
		21E2520D24E5D5DA0003CF8A /* Delegate */ = {
			isa = PBXGroup;
			children = (
				21E2521124E5D6070003CF8A /* EventsListTBDelegate.swift */,
			);
			path = Delegate;
			sourceTree = "<group>";
		};
		21E2520E24E5D5DF0003CF8A /* Cells */ = {
			isa = PBXGroup;
			children = (
				21E2520F24E5D5F40003CF8A /* EventsListCell.swift */,
			);
			path = Cells;
			sourceTree = "<group>";
		};
		21E2521324E5DB1D0003CF8A /* Locale */ = {
			isa = PBXGroup;
			children = (
				21E2521C24E5DC070003CF8A /* Localizable.strings */,
			);
			path = Locale;
			sourceTree = "<group>";
		};
		21E2521E24E5FFD80003CF8A /* View */ = {
			isa = PBXGroup;
			children = (
				21E2521F24E600090003CF8A /* EventsDetailsView.swift */,
				21E2522124E601140003CF8A /* Controller */,
				21D6250A24E71157009D2CD0 /* ViewModel */,
			);
			path = View;
			sourceTree = "<group>";
		};
		21E2522124E601140003CF8A /* Controller */ = {
			isa = PBXGroup;
			children = (
				21E2522224E6012B0003CF8A /* EventsDetailsVC.swift */,
			);
			path = Controller;
			sourceTree = "<group>";
		};
		442BC6344049AA9B055E2DEA /* Pods */ = {
			isa = PBXGroup;
			children = (
				C8D1C22D58A734818A235D07 /* Pods-woopSicredi-jobs.debug.xcconfig */,
				F753CFC48B4696A7ECC92F15 /* Pods-woopSicredi-jobs.release.xcconfig */,
			);
			path = Pods;
			sourceTree = "<group>";
		};
/* End PBXGroup section */

/* Begin PBXNativeTarget section */
		2150AE4824E82DE00059B7C1 /* woopSicredi-jobsTests */ = {
			isa = PBXNativeTarget;
			buildConfigurationList = 2150AE5224E82DE00059B7C1 /* Build configuration list for PBXNativeTarget "woopSicredi-jobsTests" */;
			buildPhases = (
				2150AE4524E82DE00059B7C1 /* Sources */,
				2150AE4624E82DE00059B7C1 /* Frameworks */,
				2150AE4724E82DE00059B7C1 /* Resources */,
			);
			buildRules = (
			);
			dependencies = (
				2150AE4F24E82DE00059B7C1 /* PBXTargetDependency */,
			);
			name = "woopSicredi-jobsTests";
			productName = "woopSicredi-jobsTests";
			productReference = 2150AE4924E82DE00059B7C1 /* woopSicredi-jobsTests.xctest */;
			productType = "com.apple.product-type.bundle.unit-test";
		};
		2150AE5C24E850BA0059B7C1 /* woopSicredi-jobsUITests */ = {
			isa = PBXNativeTarget;
			buildConfigurationList = 2150AE6424E850BA0059B7C1 /* Build configuration list for PBXNativeTarget "woopSicredi-jobsUITests" */;
			buildPhases = (
				2150AE5924E850BA0059B7C1 /* Sources */,
				2150AE5A24E850BA0059B7C1 /* Frameworks */,
				2150AE5B24E850BA0059B7C1 /* Resources */,
			);
			buildRules = (
			);
			dependencies = (
				2150AE6324E850BA0059B7C1 /* PBXTargetDependency */,
			);
			name = "woopSicredi-jobsUITests";
			productName = "woopSicredi-jobsUITests";
			productReference = 2150AE5D24E850BA0059B7C1 /* woopSicredi-jobsUITests.xctest */;
			productType = "com.apple.product-type.bundle.ui-testing";
		};
		21C618F924E5AAC200E11C8C /* woopSicredi-jobs */ = {
			isa = PBXNativeTarget;
			buildConfigurationList = 21C6190E24E5AAC400E11C8C /* Build configuration list for PBXNativeTarget "woopSicredi-jobs" */;
			buildPhases = (
				1DB4CE4C086EB5E5D4D8B30C /* [CP] Check Pods Manifest.lock */,
				21C618F624E5AAC200E11C8C /* Sources */,
				21C618F724E5AAC200E11C8C /* Frameworks */,
				21C618F824E5AAC200E11C8C /* Resources */,
				D167D3BAA84DF11E42E59544 /* [CP] Embed Pods Frameworks */,
			);
			buildRules = (
			);
			dependencies = (
			);
			name = "woopSicredi-jobs";
			productName = "woopSicredi-jobs";
			productReference = 21C618FA24E5AAC200E11C8C /* woopSicredi-jobs.app */;
			productType = "com.apple.product-type.application";
		};
/* End PBXNativeTarget section */

/* Begin PBXProject section */
		21C618F224E5AAC200E11C8C /* Project object */ = {
			isa = PBXProject;
			attributes = {
				LastSwiftUpdateCheck = 1160;
				LastUpgradeCheck = 1160;
				ORGANIZATIONNAME = "Ádria Cardoso";
				TargetAttributes = {
					2150AE4824E82DE00059B7C1 = {
						CreatedOnToolsVersion = 11.6;
						TestTargetID = 21C618F924E5AAC200E11C8C;
					};
					2150AE5C24E850BA0059B7C1 = {
						CreatedOnToolsVersion = 11.6;
						TestTargetID = 21C618F924E5AAC200E11C8C;
					};
					21C618F924E5AAC200E11C8C = {
						CreatedOnToolsVersion = 11.6;
					};
				};
			};
			buildConfigurationList = 21C618F524E5AAC200E11C8C /* Build configuration list for PBXProject "woopSicredi-jobs" */;
			compatibilityVersion = "Xcode 9.3";
			developmentRegion = en;
			hasScannedForEncodings = 0;
			knownRegions = (
				en,
				Base,
				"pt-BR",
			);
			mainGroup = 21C618F124E5AAC200E11C8C;
			productRefGroup = 21C618FB24E5AAC200E11C8C /* Products */;
			projectDirPath = "";
			projectRoot = "";
			targets = (
				21C618F924E5AAC200E11C8C /* woopSicredi-jobs */,
				2150AE4824E82DE00059B7C1 /* woopSicredi-jobsTests */,
				2150AE5C24E850BA0059B7C1 /* woopSicredi-jobsUITests */,
			);
		};
/* End PBXProject section */

/* Begin PBXResourcesBuildPhase section */
		2150AE4724E82DE00059B7C1 /* Resources */ = {
			isa = PBXResourcesBuildPhase;
			buildActionMask = 2147483647;
			files = (
			);
			runOnlyForDeploymentPostprocessing = 0;
		};
		2150AE5B24E850BA0059B7C1 /* Resources */ = {
			isa = PBXResourcesBuildPhase;
			buildActionMask = 2147483647;
			files = (
			);
			runOnlyForDeploymentPostprocessing = 0;
		};
		21C618F824E5AAC200E11C8C /* Resources */ = {
			isa = PBXResourcesBuildPhase;
			buildActionMask = 2147483647;
			files = (
				21C6190A24E5AAC400E11C8C /* LaunchScreen.storyboard in Resources */,
				21E2521A24E5DC070003CF8A /* Localizable.strings in Resources */,
				21C6190724E5AAC400E11C8C /* Assets.xcassets in Resources */,
			);
			runOnlyForDeploymentPostprocessing = 0;
		};
/* End PBXResourcesBuildPhase section */

/* Begin PBXShellScriptBuildPhase section */
		1DB4CE4C086EB5E5D4D8B30C /* [CP] Check Pods Manifest.lock */ = {
			isa = PBXShellScriptBuildPhase;
			buildActionMask = 2147483647;
			files = (
			);
			inputFileListPaths = (
			);
			inputPaths = (
				"${PODS_PODFILE_DIR_PATH}/Podfile.lock",
				"${PODS_ROOT}/Manifest.lock",
			);
			name = "[CP] Check Pods Manifest.lock";
			outputFileListPaths = (
			);
			outputPaths = (
				"$(DERIVED_FILE_DIR)/Pods-woopSicredi-jobs-checkManifestLockResult.txt",
			);
			runOnlyForDeploymentPostprocessing = 0;
			shellPath = /bin/sh;
			shellScript = "diff \"${PODS_PODFILE_DIR_PATH}/Podfile.lock\" \"${PODS_ROOT}/Manifest.lock\" > /dev/null\nif [ $? != 0 ] ; then\n    # print error to STDERR\n    echo \"error: The sandbox is not in sync with the Podfile.lock. Run 'pod install' or update your CocoaPods installation.\" >&2\n    exit 1\nfi\n# This output is used by Xcode 'outputs' to avoid re-running this script phase.\necho \"SUCCESS\" > \"${SCRIPT_OUTPUT_FILE_0}\"\n";
			showEnvVarsInLog = 0;
		};
		D167D3BAA84DF11E42E59544 /* [CP] Embed Pods Frameworks */ = {
			isa = PBXShellScriptBuildPhase;
			buildActionMask = 2147483647;
			files = (
			);
			inputFileListPaths = (
				"${PODS_ROOT}/Target Support Files/Pods-woopSicredi-jobs/Pods-woopSicredi-jobs-frameworks-${CONFIGURATION}-input-files.xcfilelist",
			);
			name = "[CP] Embed Pods Frameworks";
			outputFileListPaths = (
				"${PODS_ROOT}/Target Support Files/Pods-woopSicredi-jobs/Pods-woopSicredi-jobs-frameworks-${CONFIGURATION}-output-files.xcfilelist",
			);
			runOnlyForDeploymentPostprocessing = 0;
			shellPath = /bin/sh;
			shellScript = "\"${PODS_ROOT}/Target Support Files/Pods-woopSicredi-jobs/Pods-woopSicredi-jobs-frameworks.sh\"\n";
			showEnvVarsInLog = 0;
		};
/* End PBXShellScriptBuildPhase section */

/* Begin PBXSourcesBuildPhase section */
		2150AE4524E82DE00059B7C1 /* Sources */ = {
			isa = PBXSourcesBuildPhase;
			buildActionMask = 2147483647;
			files = (
				2150AE4C24E82DE00059B7C1 /* woopSicredi_jobsTests.swift in Sources */,
				2150AE5424E8339F0059B7C1 /* RequestTest.swift in Sources */,
			);
			runOnlyForDeploymentPostprocessing = 0;
		};
		2150AE5924E850BA0059B7C1 /* Sources */ = {
			isa = PBXSourcesBuildPhase;
			buildActionMask = 2147483647;
			files = (
				2150AE6024E850BA0059B7C1 /* woopSicredi_jobsUITests.swift in Sources */,
				2150AE6924E867630059B7C1 /* CheckinTest.swift in Sources */,
			);
			runOnlyForDeploymentPostprocessing = 0;
		};
		21C618F624E5AAC200E11C8C /* Sources */ = {
			isa = PBXSourcesBuildPhase;
			buildActionMask = 2147483647;
			files = (
				21E2522024E600090003CF8A /* EventsDetailsView.swift in Sources */,
				21E2521024E5D5F40003CF8A /* EventsListCell.swift in Sources */,
				21E2522324E6012B0003CF8A /* EventsDetailsVC.swift in Sources */,
				21C6191C24E5AD4A00E11C8C /* EventsListView.swift in Sources */,
				21E2520A24E5C7580003CF8A /* Enum.swift in Sources */,
				21C6190224E5AAC200E11C8C /* ViewController.swift in Sources */,
				21C618FE24E5AAC200E11C8C /* AppDelegate.swift in Sources */,
				21E2520624E5B4200003CF8A /* EventsListViewModel.swift in Sources */,
				21C6190024E5AAC200E11C8C /* SceneDelegate.swift in Sources */,
				21E2521224E5D6070003CF8A /* EventsListTBDelegate.swift in Sources */,
				21E2520424E5B0DC0003CF8A /* EventsListVC.swift in Sources */,
				21E2521624E5DB2E0003CF8A /* Extension.swift in Sources */,
				21D6250C24E7116D009D2CD0 /* EventsDetailsViewModel.swift in Sources */,
				21E2520824E5C46C0003CF8A /* EventsListModel.swift in Sources */,
			);
			runOnlyForDeploymentPostprocessing = 0;
		};
/* End PBXSourcesBuildPhase section */

/* Begin PBXTargetDependency section */
		2150AE4F24E82DE00059B7C1 /* PBXTargetDependency */ = {
			isa = PBXTargetDependency;
			target = 21C618F924E5AAC200E11C8C /* woopSicredi-jobs */;
			targetProxy = 2150AE4E24E82DE00059B7C1 /* PBXContainerItemProxy */;
		};
		2150AE6324E850BA0059B7C1 /* PBXTargetDependency */ = {
			isa = PBXTargetDependency;
			target = 21C618F924E5AAC200E11C8C /* woopSicredi-jobs */;
			targetProxy = 2150AE6224E850BA0059B7C1 /* PBXContainerItemProxy */;
		};
/* End PBXTargetDependency section */

/* Begin PBXVariantGroup section */
		21C6190824E5AAC400E11C8C /* LaunchScreen.storyboard */ = {
			isa = PBXVariantGroup;
			children = (
				21C6190924E5AAC400E11C8C /* Base */,
				21E2521724E5DB860003CF8A /* pt-BR */,
			);
			name = LaunchScreen.storyboard;
			sourceTree = "<group>";
		};
		21E2521C24E5DC070003CF8A /* Localizable.strings */ = {
			isa = PBXVariantGroup;
			children = (
				21E2521B24E5DC070003CF8A /* en */,
				21E2521D24E5DC0B0003CF8A /* pt-BR */,
			);
			name = Localizable.strings;
			sourceTree = "<group>";
		};
/* End PBXVariantGroup section */

/* Begin XCBuildConfiguration section */
		2150AE5024E82DE00059B7C1 /* Debug */ = {
			isa = XCBuildConfiguration;
			buildSettings = {
				BUNDLE_LOADER = "$(TEST_HOST)";
				CODE_SIGN_STYLE = Automatic;
				INFOPLIST_FILE = "woopSicredi-jobsTests/Info.plist";
				LD_RUNPATH_SEARCH_PATHS = (
					"$(inherited)",
					"@executable_path/Frameworks",
					"@loader_path/Frameworks",
				);
				PRODUCT_BUNDLE_IDENTIFIER = "com.apple.woopSicredi-jobsTests";
				PRODUCT_NAME = "$(TARGET_NAME)";
				SWIFT_VERSION = 5.0;
				TARGETED_DEVICE_FAMILY = "1,2";
				TEST_HOST = "$(BUILT_PRODUCTS_DIR)/woopSicredi-jobs.app/woopSicredi-jobs";
			};
			name = Debug;
		};
		2150AE5124E82DE00059B7C1 /* Release */ = {
			isa = XCBuildConfiguration;
			buildSettings = {
				BUNDLE_LOADER = "$(TEST_HOST)";
				CODE_SIGN_STYLE = Automatic;
				INFOPLIST_FILE = "woopSicredi-jobsTests/Info.plist";
				LD_RUNPATH_SEARCH_PATHS = (
					"$(inherited)",
					"@executable_path/Frameworks",
					"@loader_path/Frameworks",
				);
				PRODUCT_BUNDLE_IDENTIFIER = "com.apple.woopSicredi-jobsTests";
				PRODUCT_NAME = "$(TARGET_NAME)";
				SWIFT_VERSION = 5.0;
				TARGETED_DEVICE_FAMILY = "1,2";
				TEST_HOST = "$(BUILT_PRODUCTS_DIR)/woopSicredi-jobs.app/woopSicredi-jobs";
			};
			name = Release;
		};
		2150AE6524E850BA0059B7C1 /* Debug */ = {
			isa = XCBuildConfiguration;
			buildSettings = {
				CODE_SIGN_STYLE = Automatic;
				INFOPLIST_FILE = "woopSicredi-jobsUITests/Info.plist";
				IPHONEOS_DEPLOYMENT_TARGET = 13.6;
				LD_RUNPATH_SEARCH_PATHS = (
					"$(inherited)",
					"@executable_path/Frameworks",
					"@loader_path/Frameworks",
				);
				PRODUCT_BUNDLE_IDENTIFIER = "com.apple.woopSicredi-jobsUITests";
				PRODUCT_NAME = "$(TARGET_NAME)";
				SWIFT_VERSION = 5.0;
				TARGETED_DEVICE_FAMILY = "1,2";
				TEST_TARGET_NAME = "woopSicredi-jobs";
			};
			name = Debug;
		};
		2150AE6624E850BA0059B7C1 /* Release */ = {
			isa = XCBuildConfiguration;
			buildSettings = {
				CODE_SIGN_STYLE = Automatic;
				INFOPLIST_FILE = "woopSicredi-jobsUITests/Info.plist";
				IPHONEOS_DEPLOYMENT_TARGET = 13.6;
				LD_RUNPATH_SEARCH_PATHS = (
					"$(inherited)",
					"@executable_path/Frameworks",
					"@loader_path/Frameworks",
				);
				PRODUCT_BUNDLE_IDENTIFIER = "com.apple.woopSicredi-jobsUITests";
				PRODUCT_NAME = "$(TARGET_NAME)";
				SWIFT_VERSION = 5.0;
				TARGETED_DEVICE_FAMILY = "1,2";
				TEST_TARGET_NAME = "woopSicredi-jobs";
			};
			name = Release;
		};
		21C6190C24E5AAC400E11C8C /* Debug */ = {
			isa = XCBuildConfiguration;
			buildSettings = {
				ALWAYS_SEARCH_USER_PATHS = NO;
				CLANG_ANALYZER_LOCALIZABILITY_NONLOCALIZED = YES;
				CLANG_ANALYZER_NONNULL = YES;
				CLANG_ANALYZER_NUMBER_OBJECT_CONVERSION = YES_AGGRESSIVE;
				CLANG_CXX_LANGUAGE_STANDARD = "gnu++14";
				CLANG_CXX_LIBRARY = "libc++";
				CLANG_ENABLE_MODULES = YES;
				CLANG_ENABLE_OBJC_ARC = YES;
				CLANG_ENABLE_OBJC_WEAK = YES;
				CLANG_WARN_BLOCK_CAPTURE_AUTORELEASING = YES;
				CLANG_WARN_BOOL_CONVERSION = YES;
				CLANG_WARN_COMMA = YES;
				CLANG_WARN_CONSTANT_CONVERSION = YES;
				CLANG_WARN_DEPRECATED_OBJC_IMPLEMENTATIONS = YES;
				CLANG_WARN_DIRECT_OBJC_ISA_USAGE = YES_ERROR;
				CLANG_WARN_DOCUMENTATION_COMMENTS = YES;
				CLANG_WARN_EMPTY_BODY = YES;
				CLANG_WARN_ENUM_CONVERSION = YES;
				CLANG_WARN_INFINITE_RECURSION = YES;
				CLANG_WARN_INT_CONVERSION = YES;
				CLANG_WARN_NON_LITERAL_NULL_CONVERSION = YES;
				CLANG_WARN_OBJC_IMPLICIT_RETAIN_SELF = YES;
				CLANG_WARN_OBJC_LITERAL_CONVERSION = YES;
				CLANG_WARN_OBJC_ROOT_CLASS = YES_ERROR;
				CLANG_WARN_RANGE_LOOP_ANALYSIS = YES;
				CLANG_WARN_STRICT_PROTOTYPES = YES;
				CLANG_WARN_SUSPICIOUS_MOVE = YES;
				CLANG_WARN_UNGUARDED_AVAILABILITY = YES_AGGRESSIVE;
				CLANG_WARN_UNREACHABLE_CODE = YES;
				CLANG_WARN__DUPLICATE_METHOD_MATCH = YES;
				COPY_PHASE_STRIP = NO;
				DEBUG_INFORMATION_FORMAT = dwarf;
				ENABLE_STRICT_OBJC_MSGSEND = YES;
				ENABLE_TESTABILITY = YES;
				GCC_C_LANGUAGE_STANDARD = gnu11;
				GCC_DYNAMIC_NO_PIC = NO;
				GCC_NO_COMMON_BLOCKS = YES;
				GCC_OPTIMIZATION_LEVEL = 0;
				GCC_PREPROCESSOR_DEFINITIONS = (
					"DEBUG=1",
					"$(inherited)",
				);
				GCC_WARN_64_TO_32_BIT_CONVERSION = YES;
				GCC_WARN_ABOUT_RETURN_TYPE = YES_ERROR;
				GCC_WARN_UNDECLARED_SELECTOR = YES;
				GCC_WARN_UNINITIALIZED_AUTOS = YES_AGGRESSIVE;
				GCC_WARN_UNUSED_FUNCTION = YES;
				GCC_WARN_UNUSED_VARIABLE = YES;
				IPHONEOS_DEPLOYMENT_TARGET = 12.0;
				MTL_ENABLE_DEBUG_INFO = INCLUDE_SOURCE;
				MTL_FAST_MATH = YES;
				ONLY_ACTIVE_ARCH = YES;
				SDKROOT = iphoneos;
				SWIFT_ACTIVE_COMPILATION_CONDITIONS = DEBUG;
				SWIFT_OPTIMIZATION_LEVEL = "-Onone";
			};
			name = Debug;
		};
		21C6190D24E5AAC400E11C8C /* Release */ = {
			isa = XCBuildConfiguration;
			buildSettings = {
				ALWAYS_SEARCH_USER_PATHS = NO;
				CLANG_ANALYZER_LOCALIZABILITY_NONLOCALIZED = YES;
				CLANG_ANALYZER_NONNULL = YES;
				CLANG_ANALYZER_NUMBER_OBJECT_CONVERSION = YES_AGGRESSIVE;
				CLANG_CXX_LANGUAGE_STANDARD = "gnu++14";
				CLANG_CXX_LIBRARY = "libc++";
				CLANG_ENABLE_MODULES = YES;
				CLANG_ENABLE_OBJC_ARC = YES;
				CLANG_ENABLE_OBJC_WEAK = YES;
				CLANG_WARN_BLOCK_CAPTURE_AUTORELEASING = YES;
				CLANG_WARN_BOOL_CONVERSION = YES;
				CLANG_WARN_COMMA = YES;
				CLANG_WARN_CONSTANT_CONVERSION = YES;
				CLANG_WARN_DEPRECATED_OBJC_IMPLEMENTATIONS = YES;
				CLANG_WARN_DIRECT_OBJC_ISA_USAGE = YES_ERROR;
				CLANG_WARN_DOCUMENTATION_COMMENTS = YES;
				CLANG_WARN_EMPTY_BODY = YES;
				CLANG_WARN_ENUM_CONVERSION = YES;
				CLANG_WARN_INFINITE_RECURSION = YES;
				CLANG_WARN_INT_CONVERSION = YES;
				CLANG_WARN_NON_LITERAL_NULL_CONVERSION = YES;
				CLANG_WARN_OBJC_IMPLICIT_RETAIN_SELF = YES;
				CLANG_WARN_OBJC_LITERAL_CONVERSION = YES;
				CLANG_WARN_OBJC_ROOT_CLASS = YES_ERROR;
				CLANG_WARN_RANGE_LOOP_ANALYSIS = YES;
				CLANG_WARN_STRICT_PROTOTYPES = YES;
				CLANG_WARN_SUSPICIOUS_MOVE = YES;
				CLANG_WARN_UNGUARDED_AVAILABILITY = YES_AGGRESSIVE;
				CLANG_WARN_UNREACHABLE_CODE = YES;
				CLANG_WARN__DUPLICATE_METHOD_MATCH = YES;
				COPY_PHASE_STRIP = NO;
				DEBUG_INFORMATION_FORMAT = "dwarf-with-dsym";
				ENABLE_NS_ASSERTIONS = NO;
				ENABLE_STRICT_OBJC_MSGSEND = YES;
				GCC_C_LANGUAGE_STANDARD = gnu11;
				GCC_NO_COMMON_BLOCKS = YES;
				GCC_WARN_64_TO_32_BIT_CONVERSION = YES;
				GCC_WARN_ABOUT_RETURN_TYPE = YES_ERROR;
				GCC_WARN_UNDECLARED_SELECTOR = YES;
				GCC_WARN_UNINITIALIZED_AUTOS = YES_AGGRESSIVE;
				GCC_WARN_UNUSED_FUNCTION = YES;
				GCC_WARN_UNUSED_VARIABLE = YES;
				IPHONEOS_DEPLOYMENT_TARGET = 12.0;
				MTL_ENABLE_DEBUG_INFO = NO;
				MTL_FAST_MATH = YES;
				SDKROOT = iphoneos;
				SWIFT_COMPILATION_MODE = wholemodule;
				SWIFT_OPTIMIZATION_LEVEL = "-O";
				VALIDATE_PRODUCT = YES;
			};
			name = Release;
		};
		21C6190F24E5AAC400E11C8C /* Debug */ = {
			isa = XCBuildConfiguration;
			baseConfigurationReference = C8D1C22D58A734818A235D07 /* Pods-woopSicredi-jobs.debug.xcconfig */;
			buildSettings = {
				ASSETCATALOG_COMPILER_APPICON_NAME = AppIcon;
				CODE_SIGN_STYLE = Automatic;
				DEVELOPMENT_TEAM = "";
				INFOPLIST_FILE = "woopSicredi-jobs/Info.plist";
				LD_RUNPATH_SEARCH_PATHS = (
					"$(inherited)",
					"@executable_path/Frameworks",
				);
				PRODUCT_BUNDLE_IDENTIFIER = "com.apple.woopSicredi-jobs";
				PRODUCT_NAME = "$(TARGET_NAME)";
				SWIFT_VERSION = 5.0;
				TARGETED_DEVICE_FAMILY = 1;
			};
			name = Debug;
		};
		21C6191024E5AAC400E11C8C /* Release */ = {
			isa = XCBuildConfiguration;
			baseConfigurationReference = F753CFC48B4696A7ECC92F15 /* Pods-woopSicredi-jobs.release.xcconfig */;
			buildSettings = {
				ASSETCATALOG_COMPILER_APPICON_NAME = AppIcon;
				CODE_SIGN_STYLE = Automatic;
				DEVELOPMENT_TEAM = "";
				INFOPLIST_FILE = "woopSicredi-jobs/Info.plist";
				LD_RUNPATH_SEARCH_PATHS = (
					"$(inherited)",
					"@executable_path/Frameworks",
				);
				PRODUCT_BUNDLE_IDENTIFIER = "com.apple.woopSicredi-jobs";
				PRODUCT_NAME = "$(TARGET_NAME)";
				SWIFT_VERSION = 5.0;
				TARGETED_DEVICE_FAMILY = 1;
			};
			name = Release;
		};
/* End XCBuildConfiguration section */

/* Begin XCConfigurationList section */
		2150AE5224E82DE00059B7C1 /* Build configuration list for PBXNativeTarget "woopSicredi-jobsTests" */ = {
			isa = XCConfigurationList;
			buildConfigurations = (
				2150AE5024E82DE00059B7C1 /* Debug */,
				2150AE5124E82DE00059B7C1 /* Release */,
			);
			defaultConfigurationIsVisible = 0;
			defaultConfigurationName = Release;
		};
		2150AE6424E850BA0059B7C1 /* Build configuration list for PBXNativeTarget "woopSicredi-jobsUITests" */ = {
			isa = XCConfigurationList;
			buildConfigurations = (
				2150AE6524E850BA0059B7C1 /* Debug */,
				2150AE6624E850BA0059B7C1 /* Release */,
			);
			defaultConfigurationIsVisible = 0;
			defaultConfigurationName = Release;
		};
		21C618F524E5AAC200E11C8C /* Build configuration list for PBXProject "woopSicredi-jobs" */ = {
			isa = XCConfigurationList;
			buildConfigurations = (
				21C6190C24E5AAC400E11C8C /* Debug */,
				21C6190D24E5AAC400E11C8C /* Release */,
			);
			defaultConfigurationIsVisible = 0;
			defaultConfigurationName = Release;
		};
		21C6190E24E5AAC400E11C8C /* Build configuration list for PBXNativeTarget "woopSicredi-jobs" */ = {
			isa = XCConfigurationList;
			buildConfigurations = (
				21C6190F24E5AAC400E11C8C /* Debug */,
				21C6191024E5AAC400E11C8C /* Release */,
			);
			defaultConfigurationIsVisible = 0;
			defaultConfigurationName = Release;
		};
/* End XCConfigurationList section */
	};
	rootObject = 21C618F224E5AAC200E11C8C /* Project object */;
}
